// !$*UTF8*$!
{
	archiveVersion = 1;
	classes = {
	};
	objectVersion = 56;
	objects = {

/* Begin PBXBuildFile section */
		014B173E293C0E2D00BEE8B1 /* ShortcutPlannerApp.swift in Sources */ = {isa = PBXBuildFile; fileRef = 014B173D293C0E2D00BEE8B1 /* ShortcutPlannerApp.swift */; };
		014B1740293C0E2D00BEE8B1 /* HomeView.swift in Sources */ = {isa = PBXBuildFile; fileRef = 014B173F293C0E2D00BEE8B1 /* HomeView.swift */; };
		014B1742293C0E2F00BEE8B1 /* Assets.xcassets in Resources */ = {isa = PBXBuildFile; fileRef = 014B1741293C0E2F00BEE8B1 /* Assets.xcassets */; };
		014B1745293C0E2F00BEE8B1 /* Preview Assets.xcassets in Resources */ = {isa = PBXBuildFile; fileRef = 014B1744293C0E2F00BEE8B1 /* Preview Assets.xcassets */; };
		014B174D293C1CF900BEE8B1 /* HomeViewModel.swift in Sources */ = {isa = PBXBuildFile; fileRef = 014B174C293C1CF900BEE8B1 /* HomeViewModel.swift */; };
		014B1750293C1D2300BEE8B1 /* CardView.swift in Sources */ = {isa = PBXBuildFile; fileRef = 014B174F293C1D2300BEE8B1 /* CardView.swift */; };
		014B1753293C1D8600BEE8B1 /* SiriService.swift in Sources */ = {isa = PBXBuildFile; fileRef = 014B1752293C1D8600BEE8B1 /* SiriService.swift */; };
/* End PBXBuildFile section */

/* Begin PBXFileReference section */
		014B173A293C0E2D00BEE8B1 /* ShortcutPlanner.app */ = {isa = PBXFileReference; explicitFileType = wrapper.application; includeInIndex = 0; path = ShortcutPlanner.app; sourceTree = BUILT_PRODUCTS_DIR; };
		014B173D293C0E2D00BEE8B1 /* ShortcutPlannerApp.swift */ = {isa = PBXFileReference; lastKnownFileType = sourcecode.swift; path = ShortcutPlannerApp.swift; sourceTree = "<group>"; };
		014B173F293C0E2D00BEE8B1 /* HomeView.swift */ = {isa = PBXFileReference; lastKnownFileType = sourcecode.swift; path = HomeView.swift; sourceTree = "<group>"; };
		014B1741293C0E2F00BEE8B1 /* Assets.xcassets */ = {isa = PBXFileReference; lastKnownFileType = folder.assetcatalog; path = Assets.xcassets; sourceTree = "<group>"; };
		014B1744293C0E2F00BEE8B1 /* Preview Assets.xcassets */ = {isa = PBXFileReference; lastKnownFileType = folder.assetcatalog; path = "Preview Assets.xcassets"; sourceTree = "<group>"; };
		014B174C293C1CF900BEE8B1 /* HomeViewModel.swift */ = {isa = PBXFileReference; lastKnownFileType = sourcecode.swift; path = HomeViewModel.swift; sourceTree = "<group>"; };
		014B174F293C1D2300BEE8B1 /* CardView.swift */ = {isa = PBXFileReference; lastKnownFileType = sourcecode.swift; path = CardView.swift; sourceTree = "<group>"; };
		014B1752293C1D8600BEE8B1 /* SiriService.swift */ = {isa = PBXFileReference; lastKnownFileType = sourcecode.swift; path = SiriService.swift; sourceTree = "<group>"; };
		014B1754293C211100BEE8B1 /* ShortcutPlanner.entitlements */ = {isa = PBXFileReference; lastKnownFileType = text.plist.entitlements; path = ShortcutPlanner.entitlements; sourceTree = "<group>"; };
/* End PBXFileReference section */

/* Begin PBXFrameworksBuildPhase section */
		014B1737293C0E2D00BEE8B1 /* Frameworks */ = {
			isa = PBXFrameworksBuildPhase;
			buildActionMask = 2147483647;
			files = (
			);
			runOnlyForDeploymentPostprocessing = 0;
		};
/* End PBXFrameworksBuildPhase section */

/* Begin PBXGroup section */
		014B1731293C0E2D00BEE8B1 = {
			isa = PBXGroup;
			children = (
				014B173C293C0E2D00BEE8B1 /* ShortcutPlanner */,
				014B173B293C0E2D00BEE8B1 /* Products */,
			);
			sourceTree = "<group>";
		};
		014B173B293C0E2D00BEE8B1 /* Products */ = {
			isa = PBXGroup;
			children = (
				014B173A293C0E2D00BEE8B1 /* ShortcutPlanner.app */,
			);
			name = Products;
			sourceTree = "<group>";
		};
		014B173C293C0E2D00BEE8B1 /* ShortcutPlanner */ = {
			isa = PBXGroup;
			children = (
				014B1754293C211100BEE8B1 /* ShortcutPlanner.entitlements */,
				014B173D293C0E2D00BEE8B1 /* ShortcutPlannerApp.swift */,
				014B1751293C1D7600BEE8B1 /* Services */,
				014B174B293C1CC100BEE8B1 /* HomeView */,
				014B174E293C1D1300BEE8B1 /* ViewComponents */,
				014B1741293C0E2F00BEE8B1 /* Assets.xcassets */,
				014B1743293C0E2F00BEE8B1 /* Preview Content */,
			);
			path = ShortcutPlanner;
			sourceTree = "<group>";
		};
		014B1743293C0E2F00BEE8B1 /* Preview Content */ = {
			isa = PBXGroup;
			children = (
				014B1744293C0E2F00BEE8B1 /* Preview Assets.xcassets */,
			);
			path = "Preview Content";
			sourceTree = "<group>";
		};
		014B174B293C1CC100BEE8B1 /* HomeView */ = {
			isa = PBXGroup;
			children = (
				014B173F293C0E2D00BEE8B1 /* HomeView.swift */,
				014B174C293C1CF900BEE8B1 /* HomeViewModel.swift */,
			);
			path = HomeView;
			sourceTree = "<group>";
		};
		014B174E293C1D1300BEE8B1 /* ViewComponents */ = {
			isa = PBXGroup;
			children = (
				014B174F293C1D2300BEE8B1 /* CardView.swift */,
			);
			path = ViewComponents;
			sourceTree = "<group>";
		};
		014B1751293C1D7600BEE8B1 /* Services */ = {
			isa = PBXGroup;
			children = (
				014B1752293C1D8600BEE8B1 /* SiriService.swift */,
			);
			path = Services;
			sourceTree = "<group>";
		};
/* End PBXGroup section */

/* Begin PBXNativeTarget section */
		014B1739293C0E2D00BEE8B1 /* ShortcutPlanner */ = {
			isa = PBXNativeTarget;
			buildConfigurationList = 014B1748293C0E2F00BEE8B1 /* Build configuration list for PBXNativeTarget "ShortcutPlanner" */;
			buildPhases = (
				014B1736293C0E2D00BEE8B1 /* Sources */,
				014B1737293C0E2D00BEE8B1 /* Frameworks */,
				014B1738293C0E2D00BEE8B1 /* Resources */,
			);
			buildRules = (
			);
			dependencies = (
			);
			name = ShortcutPlanner;
			productName = ShortcutPlanner;
			productReference = 014B173A293C0E2D00BEE8B1 /* ShortcutPlanner.app */;
			productType = "com.apple.product-type.application";
		};
/* End PBXNativeTarget section */

/* Begin PBXProject section */
		014B1732293C0E2D00BEE8B1 /* Project object */ = {
			isa = PBXProject;
			attributes = {
				BuildIndependentTargetsInParallel = 1;
				LastSwiftUpdateCheck = 1410;
				LastUpgradeCheck = 1410;
				TargetAttributes = {
					014B1739293C0E2D00BEE8B1 = {
						CreatedOnToolsVersion = 14.1;
					};
				};
			};
			buildConfigurationList = 014B1735293C0E2D00BEE8B1 /* Build configuration list for PBXProject "ShortcutPlanner" */;
			compatibilityVersion = "Xcode 14.0";
			developmentRegion = en;
			hasScannedForEncodings = 0;
			knownRegions = (
				en,
				Base,
			);
			mainGroup = 014B1731293C0E2D00BEE8B1;
			productRefGroup = 014B173B293C0E2D00BEE8B1 /* Products */;
			projectDirPath = "";
			projectRoot = "";
			targets = (
				014B1739293C0E2D00BEE8B1 /* ShortcutPlanner */,
			);
		};
/* End PBXProject section */

/* Begin PBXResourcesBuildPhase section */
		014B1738293C0E2D00BEE8B1 /* Resources */ = {
			isa = PBXResourcesBuildPhase;
			buildActionMask = 2147483647;
			files = (
				014B1745293C0E2F00BEE8B1 /* Preview Assets.xcassets in Resources */,
				014B1742293C0E2F00BEE8B1 /* Assets.xcassets in Resources */,
			);
			runOnlyForDeploymentPostprocessing = 0;
		};
/* End PBXResourcesBuildPhase section */

/* Begin PBXSourcesBuildPhase section */
		014B1736293C0E2D00BEE8B1 /* Sources */ = {
			isa = PBXSourcesBuildPhase;
			buildActionMask = 2147483647;
			files = (
				014B1740293C0E2D00BEE8B1 /* HomeView.swift in Sources */,
				014B174D293C1CF900BEE8B1 /* HomeViewModel.swift in Sources */,
				014B1750293C1D2300BEE8B1 /* CardView.swift in Sources */,
				014B1753293C1D8600BEE8B1 /* SiriService.swift in Sources */,
				014B173E293C0E2D00BEE8B1 /* ShortcutPlannerApp.swift in Sources */,
			);
			runOnlyForDeploymentPostprocessing = 0;
		};
/* End PBXSourcesBuildPhase section */

/* Begin XCBuildConfiguration section */
		014B1746293C0E2F00BEE8B1 /* Debug */ = {
			isa = XCBuildConfiguration;
			buildSettings = {
				ALWAYS_SEARCH_USER_PATHS = NO;
				CLANG_ANALYZER_NONNULL = YES;
				CLANG_ANALYZER_NUMBER_OBJECT_CONVERSION = YES_AGGRESSIVE;
				CLANG_CXX_LANGUAGE_STANDARD = "gnu++20";
				CLANG_ENABLE_MODULES = YES;
				CLANG_ENABLE_OBJC_ARC = YES;
				CLANG_ENABLE_OBJC_WEAK = YES;
				CLANG_WARN_BLOCK_CAPTURE_AUTORELEASING = YES;
				CLANG_WARN_BOOL_CONVERSION = YES;
				CLANG_WARN_COMMA = YES;
				CLANG_WARN_CONSTANT_CONVERSION = YES;
				CLANG_WARN_DEPRECATED_OBJC_IMPLEMENTATIONS = YES;
				CLANG_WARN_DIRECT_OBJC_ISA_USAGE = YES_ERROR;
				CLANG_WARN_DOCUMENTATION_COMMENTS = YES;
				CLANG_WARN_EMPTY_BODY = YES;
				CLANG_WARN_ENUM_CONVERSION = YES;
				CLANG_WARN_INFINITE_RECURSION = YES;
				CLANG_WARN_INT_CONVERSION = YES;
				CLANG_WARN_NON_LITERAL_NULL_CONVERSION = YES;
				CLANG_WARN_OBJC_IMPLICIT_RETAIN_SELF = YES;
				CLANG_WARN_OBJC_LITERAL_CONVERSION = YES;
				CLANG_WARN_OBJC_ROOT_CLASS = YES_ERROR;
				CLANG_WARN_QUOTED_INCLUDE_IN_FRAMEWORK_HEADER = YES;
				CLANG_WARN_RANGE_LOOP_ANALYSIS = YES;
				CLANG_WARN_STRICT_PROTOTYPES = YES;
				CLANG_WARN_SUSPICIOUS_MOVE = YES;
				CLANG_WARN_UNGUARDED_AVAILABILITY = YES_AGGRESSIVE;
				CLANG_WARN_UNREACHABLE_CODE = YES;
				CLANG_WARN__DUPLICATE_METHOD_MATCH = YES;
				COPY_PHASE_STRIP = NO;
				DEBUG_INFORMATION_FORMAT = dwarf;
				ENABLE_STRICT_OBJC_MSGSEND = YES;
				ENABLE_TESTABILITY = YES;
				GCC_C_LANGUAGE_STANDARD = gnu11;
				GCC_DYNAMIC_NO_PIC = NO;
				GCC_NO_COMMON_BLOCKS = YES;
				GCC_OPTIMIZATION_LEVEL = 0;
				GCC_PREPROCESSOR_DEFINITIONS = (
					"DEBUG=1",
					"$(inherited)",
				);
				GCC_WARN_64_TO_32_BIT_CONVERSION = YES;
				GCC_WARN_ABOUT_RETURN_TYPE = YES_ERROR;
				GCC_WARN_UNDECLARED_SELECTOR = YES;
				GCC_WARN_UNINITIALIZED_AUTOS = YES_AGGRESSIVE;
				GCC_WARN_UNUSED_FUNCTION = YES;
				GCC_WARN_UNUSED_VARIABLE = YES;
				IPHONEOS_DEPLOYMENT_TARGET = 16.1;
				MTL_ENABLE_DEBUG_INFO = INCLUDE_SOURCE;
				MTL_FAST_MATH = YES;
				ONLY_ACTIVE_ARCH = YES;
				SDKROOT = iphoneos;
				SWIFT_ACTIVE_COMPILATION_CONDITIONS = DEBUG;
				SWIFT_OPTIMIZATION_LEVEL = "-Onone";
			};
			name = Debug;
		};
		014B1747293C0E2F00BEE8B1 /* Release */ = {
			isa = XCBuildConfiguration;
			buildSettings = {
				ALWAYS_SEARCH_USER_PATHS = NO;
				CLANG_ANALYZER_NONNULL = YES;
				CLANG_ANALYZER_NUMBER_OBJECT_CONVERSION = YES_AGGRESSIVE;
				CLANG_CXX_LANGUAGE_STANDARD = "gnu++20";
				CLANG_ENABLE_MODULES = YES;
				CLANG_ENABLE_OBJC_ARC = YES;
				CLANG_ENABLE_OBJC_WEAK = YES;
				CLANG_WARN_BLOCK_CAPTURE_AUTORELEASING = YES;
				CLANG_WARN_BOOL_CONVERSION = YES;
				CLANG_WARN_COMMA = YES;
				CLANG_WARN_CONSTANT_CONVERSION = YES;
				CLANG_WARN_DEPRECATED_OBJC_IMPLEMENTATIONS = YES;
				CLANG_WARN_DIRECT_OBJC_ISA_USAGE = YES_ERROR;
				CLANG_WARN_DOCUMENTATION_COMMENTS = YES;
				CLANG_WARN_EMPTY_BODY = YES;
				CLANG_WARN_ENUM_CONVERSION = YES;
				CLANG_WARN_INFINITE_RECURSION = YES;
				CLANG_WARN_INT_CONVERSION = YES;
				CLANG_WARN_NON_LITERAL_NULL_CONVERSION = YES;
				CLANG_WARN_OBJC_IMPLICIT_RETAIN_SELF = YES;
				CLANG_WARN_OBJC_LITERAL_CONVERSION = YES;
				CLANG_WARN_OBJC_ROOT_CLASS = YES_ERROR;
				CLANG_WARN_QUOTED_INCLUDE_IN_FRAMEWORK_HEADER = YES;
				CLANG_WARN_RANGE_LOOP_ANALYSIS = YES;
				CLANG_WARN_STRICT_PROTOTYPES = YES;
				CLANG_WARN_SUSPICIOUS_MOVE = YES;
				CLANG_WARN_UNGUARDED_AVAILABILITY = YES_AGGRESSIVE;
				CLANG_WARN_UNREACHABLE_CODE = YES;
				CLANG_WARN__DUPLICATE_METHOD_MATCH = YES;
				COPY_PHASE_STRIP = NO;
				DEBUG_INFORMATION_FORMAT = "dwarf-with-dsym";
				ENABLE_NS_ASSERTIONS = NO;
				ENABLE_STRICT_OBJC_MSGSEND = YES;
				GCC_C_LANGUAGE_STANDARD = gnu11;
				GCC_NO_COMMON_BLOCKS = YES;
				GCC_WARN_64_TO_32_BIT_CONVERSION = YES;
				GCC_WARN_ABOUT_RETURN_TYPE = YES_ERROR;
				GCC_WARN_UNDECLARED_SELECTOR = YES;
				GCC_WARN_UNINITIALIZED_AUTOS = YES_AGGRESSIVE;
				GCC_WARN_UNUSED_FUNCTION = YES;
				GCC_WARN_UNUSED_VARIABLE = YES;
				IPHONEOS_DEPLOYMENT_TARGET = 16.1;
				MTL_ENABLE_DEBUG_INFO = NO;
				MTL_FAST_MATH = YES;
				SDKROOT = iphoneos;
				SWIFT_COMPILATION_MODE = wholemodule;
				SWIFT_OPTIMIZATION_LEVEL = "-O";
				VALIDATE_PRODUCT = YES;
			};
			name = Release;
		};
		014B1749293C0E2F00BEE8B1 /* Debug */ = {
			isa = XCBuildConfiguration;
			buildSettings = {
				ASSETCATALOG_COMPILER_APPICON_NAME = AppIcon;
				ASSETCATALOG_COMPILER_GLOBAL_ACCENT_COLOR_NAME = AccentColor;
				CODE_SIGN_ENTITLEMENTS = ShortcutPlanner/ShortcutPlanner.entitlements;
				CODE_SIGN_STYLE = Automatic;
				CURRENT_PROJECT_VERSION = 1;
				DEVELOPMENT_ASSET_PATHS = "\"ShortcutPlanner/Preview Content\"";
				DEVELOPMENT_TEAM = L997WUKPVM;
				ENABLE_PREVIEWS = YES;
				GENERATE_INFOPLIST_FILE = YES;
				INFOPLIST_KEY_NSSiriUsageDescription = "This app need Siri to access and run Shortcuts";
				INFOPLIST_KEY_UIApplicationSceneManifest_Generation = YES;
				INFOPLIST_KEY_UIApplicationSupportsIndirectInputEvents = YES;
				INFOPLIST_KEY_UILaunchScreen_Generation = YES;
				INFOPLIST_KEY_UISupportedInterfaceOrientations_iPad = "UIInterfaceOrientationPortrait UIInterfaceOrientationPortraitUpsideDown UIInterfaceOrientationLandscapeLeft UIInterfaceOrientationLandscapeRight";
				INFOPLIST_KEY_UISupportedInterfaceOrientations_iPhone = "UIInterfaceOrientationPortrait UIInterfaceOrientationLandscapeLeft UIInterfaceOrientationLandscapeRight";
				IPHONEOS_DEPLOYMENT_TARGET = 15.0;
				LD_RUNPATH_SEARCH_PATHS = (
					"$(inherited)",
					"@executable_path/Frameworks",
				);
				MARKETING_VERSION = 1.0;
				PRODUCT_BUNDLE_IDENTIFIER = com.foftring.ShortcutPlanner;
				PRODUCT_NAME = "$(TARGET_NAME)";
				SWIFT_EMIT_LOC_STRINGS = YES;
				SWIFT_VERSION = 5.0;
				TARGETED_DEVICE_FAMILY = "1,2";
			};
			name = Debug;
		};
		014B174A293C0E2F00BEE8B1 /* Release */ = {
			isa = XCBuildConfiguration;
			buildSettings = {
				ASSETCATALOG_COMPILER_APPICON_NAME = AppIcon;
				ASSETCATALOG_COMPILER_GLOBAL_ACCENT_COLOR_NAME = AccentColor;
				CODE_SIGN_ENTITLEMENTS = ShortcutPlanner/ShortcutPlanner.entitlements;
				CODE_SIGN_STYLE = Automatic;
				CURRENT_PROJECT_VERSION = 1;
				DEVELOPMENT_ASSET_PATHS = "\"ShortcutPlanner/Preview Content\"";
				DEVELOPMENT_TEAM = L997WUKPVM;
				ENABLE_PREVIEWS = YES;
				GENERATE_INFOPLIST_FILE = YES;
				INFOPLIST_KEY_NSSiriUsageDescription = "This app need Siri to access and run Shortcuts";
				INFOPLIST_KEY_UIApplicationSceneManifest_Generation = YES;
				INFOPLIST_KEY_UIApplicationSupportsIndirectInputEvents = YES;
				INFOPLIST_KEY_UILaunchScreen_Generation = YES;
				INFOPLIST_KEY_UISupportedInterfaceOrientations_iPad = "UIInterfaceOrientationPortrait UIInterfaceOrientationPortraitUpsideDown UIInterfaceOrientationLandscapeLeft UIInterfaceOrientationLandscapeRight";
				INFOPLIST_KEY_UISupportedInterfaceOrientations_iPhone = "UIInterfaceOrientationPortrait UIInterfaceOrientationLandscapeLeft UIInterfaceOrientationLandscapeRight";
				IPHONEOS_DEPLOYMENT_TARGET = 15.0;
				LD_RUNPATH_SEARCH_PATHS = (
					"$(inherited)",
					"@executable_path/Frameworks",
				);
				MARKETING_VERSION = 1.0;
				PRODUCT_BUNDLE_IDENTIFIER = com.foftring.ShortcutPlanner;
				PRODUCT_NAME = "$(TARGET_NAME)";
				SWIFT_EMIT_LOC_STRINGS = YES;
				SWIFT_VERSION = 5.0;
				TARGETED_DEVICE_FAMILY = "1,2";
			};
			name = Release;
		};
/* End XCBuildConfiguration section */

/* Begin XCConfigurationList section */
		014B1735293C0E2D00BEE8B1 /* Build configuration list for PBXProject "ShortcutPlanner" */ = {
			isa = XCConfigurationList;
			buildConfigurations = (
				014B1746293C0E2F00BEE8B1 /* Debug */,
				014B1747293C0E2F00BEE8B1 /* Release */,
			);
			defaultConfigurationIsVisible = 0;
			defaultConfigurationName = Release;
		};
		014B1748293C0E2F00BEE8B1 /* Build configuration list for PBXNativeTarget "ShortcutPlanner" */ = {
			isa = XCConfigurationList;
			buildConfigurations = (
				014B1749293C0E2F00BEE8B1 /* Debug */,
				014B174A293C0E2F00BEE8B1 /* Release */,
			);
			defaultConfigurationIsVisible = 0;
			defaultConfigurationName = Release;
		};
/* End XCConfigurationList section */
	};
	rootObject = 014B1732293C0E2D00BEE8B1 /* Project object */;
}
